// !$*UTF8*$!
{
	archiveVersion = 1;
	classes = {
	};
	objectVersion = 50;
	objects = {

/* Begin PBXBuildFile section */
		86ECC870251583A0000757D1 /* AppDelegate.swift in Sources */ = {isa = PBXBuildFile; fileRef = 86ECC86F251583A0000757D1 /* AppDelegate.swift */; };
		86ECC872251583A0000757D1 /* SceneDelegate.swift in Sources */ = {isa = PBXBuildFile; fileRef = 86ECC871251583A0000757D1 /* SceneDelegate.swift */; };
		86ECC875251583A0000757D1 /* GoodEatsSwiftUI.xcdatamodeld in Sources */ = {isa = PBXBuildFile; fileRef = 86ECC873251583A0000757D1 /* GoodEatsSwiftUI.xcdatamodeld */; };
		86ECC877251583A0000757D1 /* ContentView.swift in Sources */ = {isa = PBXBuildFile; fileRef = 86ECC876251583A0000757D1 /* ContentView.swift */; };
		86ECC879251583AC000757D1 /* Assets.xcassets in Resources */ = {isa = PBXBuildFile; fileRef = 86ECC878251583AC000757D1 /* Assets.xcassets */; };
		86ECC87C251583AC000757D1 /* Preview Assets.xcassets in Resources */ = {isa = PBXBuildFile; fileRef = 86ECC87B251583AC000757D1 /* Preview Assets.xcassets */; };
		86ECC87F251583AC000757D1 /* LaunchScreen.storyboard in Resources */ = {isa = PBXBuildFile; fileRef = 86ECC87D251583AC000757D1 /* LaunchScreen.storyboard */; };
/* End PBXBuildFile section */

/* Begin PBXFileReference section */
		86ECC86C251583A0000757D1 /* GoodEatsSwiftUI.app */ = {isa = PBXFileReference; explicitFileType = wrapper.application; includeInIndex = 0; path = GoodEatsSwiftUI.app; sourceTree = BUILT_PRODUCTS_DIR; };
		86ECC86F251583A0000757D1 /* AppDelegate.swift */ = {isa = PBXFileReference; lastKnownFileType = sourcecode.swift; path = AppDelegate.swift; sourceTree = "<group>"; };
		86ECC871251583A0000757D1 /* SceneDelegate.swift */ = {isa = PBXFileReference; lastKnownFileType = sourcecode.swift; path = SceneDelegate.swift; sourceTree = "<group>"; };
		86ECC874251583A0000757D1 /* GoodEatsSwiftUI.xcdatamodel */ = {isa = PBXFileReference; lastKnownFileType = wrapper.xcdatamodel; path = GoodEatsSwiftUI.xcdatamodel; sourceTree = "<group>"; };
		86ECC876251583A0000757D1 /* ContentView.swift */ = {isa = PBXFileReference; lastKnownFileType = sourcecode.swift; path = ContentView.swift; sourceTree = "<group>"; };
		86ECC878251583AC000757D1 /* Assets.xcassets */ = {isa = PBXFileReference; lastKnownFileType = folder.assetcatalog; path = Assets.xcassets; sourceTree = "<group>"; };
		86ECC87B251583AC000757D1 /* Preview Assets.xcassets */ = {isa = PBXFileReference; lastKnownFileType = folder.assetcatalog; path = "Preview Assets.xcassets"; sourceTree = "<group>"; };
		86ECC87E251583AC000757D1 /* Base */ = {isa = PBXFileReference; lastKnownFileType = file.storyboard; name = Base; path = Base.lproj/LaunchScreen.storyboard; sourceTree = "<group>"; };
		86ECC880251583AC000757D1 /* Info.plist */ = {isa = PBXFileReference; lastKnownFileType = text.plist.xml; path = Info.plist; sourceTree = "<group>"; };
/* End PBXFileReference section */

/* Begin PBXFrameworksBuildPhase section */
		86ECC869251583A0000757D1 /* Frameworks */ = {
			isa = PBXFrameworksBuildPhase;
			buildActionMask = 2147483647;
			files = (
			);
			runOnlyForDeploymentPostprocessing = 0;
		};
/* End PBXFrameworksBuildPhase section */

/* Begin PBXGroup section */
		86ECC8632515839F000757D1 = {
			isa = PBXGroup;
			children = (
				86ECC86E251583A0000757D1 /* GoodEatsSwiftUI */,
				86ECC86D251583A0000757D1 /* Products */,
			);
			sourceTree = "<group>";
		};
		86ECC86D251583A0000757D1 /* Products */ = {
			isa = PBXGroup;
			children = (
				86ECC86C251583A0000757D1 /* GoodEatsSwiftUI.app */,
			);
			name = Products;
			sourceTree = "<group>";
		};
		86ECC86E251583A0000757D1 /* GoodEatsSwiftUI */ = {
			isa = PBXGroup;
			children = (
				86ECC86F251583A0000757D1 /* AppDelegate.swift */,
				86ECC871251583A0000757D1 /* SceneDelegate.swift */,
				86ECC876251583A0000757D1 /* ContentView.swift */,
				86ECC878251583AC000757D1 /* Assets.xcassets */,
				86ECC87D251583AC000757D1 /* LaunchScreen.storyboard */,
				86ECC880251583AC000757D1 /* Info.plist */,
				86ECC873251583A0000757D1 /* GoodEatsSwiftUI.xcdatamodeld */,
				86ECC87A251583AC000757D1 /* Preview Content */,
			);
			path = GoodEatsSwiftUI;
			sourceTree = "<group>";
		};
		86ECC87A251583AC000757D1 /* Preview Content */ = {
			isa = PBXGroup;
			children = (
				86ECC87B251583AC000757D1 /* Preview Assets.xcassets */,
			);
			path = "Preview Content";
			sourceTree = "<group>";
		};
/* End PBXGroup section */

/* Begin PBXNativeTarget section */
		86ECC86B251583A0000757D1 /* GoodEatsSwiftUI */ = {
			isa = PBXNativeTarget;
			buildConfigurationList = 86ECC883251583AC000757D1 /* Build configuration list for PBXNativeTarget "GoodEatsSwiftUI" */;
			buildPhases = (
				86ECC868251583A0000757D1 /* Sources */,
				86ECC869251583A0000757D1 /* Frameworks */,
				86ECC86A251583A0000757D1 /* Resources */,
			);
			buildRules = (
			);
			dependencies = (
			);
			name = GoodEatsSwiftUI;
			productName = GoodEatsSwiftUI;
			productReference = 86ECC86C251583A0000757D1 /* GoodEatsSwiftUI.app */;
			productType = "com.apple.product-type.application";
		};
/* End PBXNativeTarget section */

/* Begin PBXProject section */
		86ECC8642515839F000757D1 /* Project object */ = {
			isa = PBXProject;
			attributes = {
				LastSwiftUpdateCheck = 1150;
				LastUpgradeCheck = 1150;
				ORGANIZATIONNAME = "Michael Kawwa";
				TargetAttributes = {
					86ECC86B251583A0000757D1 = {
						CreatedOnToolsVersion = 11.5;
					};
				};
			};
			buildConfigurationList = 86ECC8672515839F000757D1 /* Build configuration list for PBXProject "GoodEatsSwiftUI" */;
			compatibilityVersion = "Xcode 9.3";
			developmentRegion = en;
			hasScannedForEncodings = 0;
			knownRegions = (
				en,
				Base,
			);
			mainGroup = 86ECC8632515839F000757D1;
			productRefGroup = 86ECC86D251583A0000757D1 /* Products */;
			projectDirPath = "";
			projectRoot = "";
			targets = (
				86ECC86B251583A0000757D1 /* GoodEatsSwiftUI */,
			);
		};
/* End PBXProject section */

/* Begin PBXResourcesBuildPhase section */
		86ECC86A251583A0000757D1 /* Resources */ = {
			isa = PBXResourcesBuildPhase;
			buildActionMask = 2147483647;
			files = (
				86ECC87F251583AC000757D1 /* LaunchScreen.storyboard in Resources */,
				86ECC87C251583AC000757D1 /* Preview Assets.xcassets in Resources */,
				86ECC879251583AC000757D1 /* Assets.xcassets in Resources */,
			);
			runOnlyForDeploymentPostprocessing = 0;
		};
/* End PBXResourcesBuildPhase section */

/* Begin PBXSourcesBuildPhase section */
		86ECC868251583A0000757D1 /* Sources */ = {
			isa = PBXSourcesBuildPhase;
			buildActionMask = 2147483647;
			files = (
				86ECC875251583A0000757D1 /* GoodEatsSwiftUI.xcdatamodeld in Sources */,
				86ECC870251583A0000757D1 /* AppDelegate.swift in Sources */,
				86ECC877251583A0000757D1 /* ContentView.swift in Sources */,
				86ECC872251583A0000757D1 /* SceneDelegate.swift in Sources */,
			);
			runOnlyForDeploymentPostprocessing = 0;
		};
/* End PBXSourcesBuildPhase section */

/* Begin PBXVariantGroup section */
		86ECC87D251583AC000757D1 /* LaunchScreen.storyboard */ = {
			isa = PBXVariantGroup;
			children = (
				86ECC87E251583AC000757D1 /* Base */,
			);
			name = LaunchScreen.storyboard;
			sourceTree = "<group>";
		};
/* End PBXVariantGroup section */

/* Begin XCBuildConfiguration section */
		86ECC881251583AC000757D1 /* Debug */ = {
			isa = XCBuildConfiguration;
			buildSettings = {
				ALWAYS_SEARCH_USER_PATHS = NO;
				CLANG_ANALYZER_NONNULL = YES;
				CLANG_ANALYZER_NUMBER_OBJECT_CONVERSION = YES_AGGRESSIVE;
				CLANG_CXX_LANGUAGE_STANDARD = "gnu++14";
				CLANG_CXX_LIBRARY = "libc++";
				CLANG_ENABLE_MODULES = YES;
				CLANG_ENABLE_OBJC_ARC = YES;
				CLANG_ENABLE_OBJC_WEAK = YES;
				CLANG_WARN_BLOCK_CAPTURE_AUTORELEASING = YES;
				CLANG_WARN_BOOL_CONVERSION = YES;
				CLANG_WARN_COMMA = YES;
				CLANG_WARN_CONSTANT_CONVERSION = YES;
				CLANG_WARN_DEPRECATED_OBJC_IMPLEMENTATIONS = YES;
				CLANG_WARN_DIRECT_OBJC_ISA_USAGE = YES_ERROR;
				CLANG_WARN_DOCUMENTATION_COMMENTS = YES;
				CLANG_WARN_EMPTY_BODY = YES;
				CLANG_WARN_ENUM_CONVERSION = YES;
				CLANG_WARN_INFINITE_RECURSION = YES;
				CLANG_WARN_INT_CONVERSION = YES;
				CLANG_WARN_NON_LITERAL_NULL_CONVERSION = YES;
				CLANG_WARN_OBJC_IMPLICIT_RETAIN_SELF = YES;
				CLANG_WARN_OBJC_LITERAL_CONVERSION = YES;
				CLANG_WARN_OBJC_ROOT_CLASS = YES_ERROR;
				CLANG_WARN_RANGE_LOOP_ANALYSIS = YES;
				CLANG_WARN_STRICT_PROTOTYPES = YES;
				CLANG_WARN_SUSPICIOUS_MOVE = YES;
				CLANG_WARN_UNGUARDED_AVAILABILITY = YES_AGGRESSIVE;
				CLANG_WARN_UNREACHABLE_CODE = YES;
				CLANG_WARN__DUPLICATE_METHOD_MATCH = YES;
				COPY_PHASE_STRIP = NO;
				DEBUG_INFORMATION_FORMAT = dwarf;
				ENABLE_STRICT_OBJC_MSGSEND = YES;
				ENABLE_TESTABILITY = YES;
				GCC_C_LANGUAGE_STANDARD = gnu11;
				GCC_DYNAMIC_NO_PIC = NO;
				GCC_NO_COMMON_BLOCKS = YES;
				GCC_OPTIMIZATION_LEVEL = 0;
				GCC_PREPROCESSOR_DEFINITIONS = (
					"DEBUG=1",
					"$(inherited)",
				);
				GCC_WARN_64_TO_32_BIT_CONVERSION = YES;
				GCC_WARN_ABOUT_RETURN_TYPE = YES_ERROR;
				GCC_WARN_UNDECLARED_SELECTOR = YES;
				GCC_WARN_UNINITIALIZED_AUTOS = YES_AGGRESSIVE;
				GCC_WARN_UNUSED_FUNCTION = YES;
				GCC_WARN_UNUSED_VARIABLE = YES;
				IPHONEOS_DEPLOYMENT_TARGET = 13.5;
				MTL_ENABLE_DEBUG_INFO = INCLUDE_SOURCE;
				MTL_FAST_MATH = YES;
				ONLY_ACTIVE_ARCH = YES;
				SDKROOT = iphoneos;
				SWIFT_ACTIVE_COMPILATION_CONDITIONS = DEBUG;
				SWIFT_OPTIMIZATION_LEVEL = "-Onone";
			};
			name = Debug;
		};
		86ECC882251583AC000757D1 /* Release */ = {
			isa = XCBuildConfiguration;
			buildSettings = {
				ALWAYS_SEARCH_USER_PATHS = NO;
				CLANG_ANALYZER_NONNULL = YES;
				CLANG_ANALYZER_NUMBER_OBJECT_CONVERSION = YES_AGGRESSIVE;
				CLANG_CXX_LANGUAGE_STANDARD = "gnu++14";
				CLANG_CXX_LIBRARY = "libc++";
				CLANG_ENABLE_MODULES = YES;
				CLANG_ENABLE_OBJC_ARC = YES;
				CLANG_ENABLE_OBJC_WEAK = YES;
				CLANG_WARN_BLOCK_CAPTURE_AUTORELEASING = YES;
				CLANG_WARN_BOOL_CONVERSION = YES;
				CLANG_WARN_COMMA = YES;
				CLANG_WARN_CONSTANT_CONVERSION = YES;
				CLANG_WARN_DEPRECATED_OBJC_IMPLEMENTATIONS = YES;
				CLANG_WARN_DIRECT_OBJC_ISA_USAGE = YES_ERROR;
				CLANG_WARN_DOCUMENTATION_COMMENTS = YES;
				CLANG_WARN_EMPTY_BODY = YES;
				CLANG_WARN_ENUM_CONVERSION = YES;
				CLANG_WARN_INFINITE_RECURSION = YES;
				CLANG_WARN_INT_CONVERSION = YES;
				CLANG_WARN_NON_LITERAL_NULL_CONVERSION = YES;
				CLANG_WARN_OBJC_IMPLICIT_RETAIN_SELF = YES;
				CLANG_WARN_OBJC_LITERAL_CONVERSION = YES;
				CLANG_WARN_OBJC_ROOT_CLASS = YES_ERROR;
				CLANG_WARN_RANGE_LOOP_ANALYSIS = YES;
				CLANG_WARN_STRICT_PROTOTYPES = YES;
				CLANG_WARN_SUSPICIOUS_MOVE = YES;
				CLANG_WARN_UNGUARDED_AVAILABILITY = YES_AGGRESSIVE;
				CLANG_WARN_UNREACHABLE_CODE = YES;
				CLANG_WARN__DUPLICATE_METHOD_MATCH = YES;
				COPY_PHASE_STRIP = NO;
				DEBUG_INFORMATION_FORMAT = "dwarf-with-dsym";
				ENABLE_NS_ASSERTIONS = NO;
				ENABLE_STRICT_OBJC_MSGSEND = YES;
				GCC_C_LANGUAGE_STANDARD = gnu11;
				GCC_NO_COMMON_BLOCKS = YES;
				GCC_WARN_64_TO_32_BIT_CONVERSION = YES;
				GCC_WARN_ABOUT_RETURN_TYPE = YES_ERROR;
				GCC_WARN_UNDECLARED_SELECTOR = YES;
				GCC_WARN_UNINITIALIZED_AUTOS = YES_AGGRESSIVE;
				GCC_WARN_UNUSED_FUNCTION = YES;
				GCC_WARN_UNUSED_VARIABLE = YES;
				IPHONEOS_DEPLOYMENT_TARGET = 13.5;
				MTL_ENABLE_DEBUG_INFO = NO;
				MTL_FAST_MATH = YES;
				SDKROOT = iphoneos;
				SWIFT_COMPILATION_MODE = wholemodule;
				SWIFT_OPTIMIZATION_LEVEL = "-O";
				VALIDATE_PRODUCT = YES;
			};
			name = Release;
		};
		86ECC884251583AC000757D1 /* Debug */ = {
			isa = XCBuildConfiguration;
			buildSettings = {
				ASSETCATALOG_COMPILER_APPICON_NAME = AppIcon;
				CODE_SIGN_STYLE = Automatic;
				DEVELOPMENT_ASSET_PATHS = "\"GoodEatsSwiftUI/Preview Content\"";
				DEVELOPMENT_TEAM = U52D5CTQ6X;
				ENABLE_PREVIEWS = YES;
				INFOPLIST_FILE = GoodEatsSwiftUI/Info.plist;
				LD_RUNPATH_SEARCH_PATHS = (
					"$(inherited)",
					"@executable_path/Frameworks",
				);
				PRODUCT_BUNDLE_IDENTIFIER = TransTech.GoodEatsSwiftUI;
				PRODUCT_NAME = "$(TARGET_NAME)";
				SWIFT_VERSION = 5.0;
				TARGETED_DEVICE_FAMILY = "1,2";
			};
			name = Debug;
		};
		86ECC885251583AC000757D1 /* Release */ = {
			isa = XCBuildConfiguration;
			buildSettings = {
				ASSETCATALOG_COMPILER_APPICON_NAME = AppIcon;
				CODE_SIGN_STYLE = Automatic;
				DEVELOPMENT_ASSET_PATHS = "\"GoodEatsSwiftUI/Preview Content\"";
				DEVELOPMENT_TEAM = U52D5CTQ6X;
				ENABLE_PREVIEWS = YES;
				INFOPLIST_FILE = GoodEatsSwiftUI/Info.plist;
				LD_RUNPATH_SEARCH_PATHS = (
					"$(inherited)",
					"@executable_path/Frameworks",
				);
				PRODUCT_BUNDLE_IDENTIFIER = TransTech.GoodEatsSwiftUI;
				PRODUCT_NAME = "$(TARGET_NAME)";
				SWIFT_VERSION = 5.0;
				TARGETED_DEVICE_FAMILY = "1,2";
			};
			name = Release;
		};
/* End XCBuildConfiguration section */

/* Begin XCConfigurationList section */
		86ECC8672515839F000757D1 /* Build configuration list for PBXProject "GoodEatsSwiftUI" */ = {
			isa = XCConfigurationList;
			buildConfigurations = (
				86ECC881251583AC000757D1 /* Debug */,
				86ECC882251583AC000757D1 /* Release */,
			);
			defaultConfigurationIsVisible = 0;
			defaultConfigurationName = Release;
		};
		86ECC883251583AC000757D1 /* Build configuration list for PBXNativeTarget "GoodEatsSwiftUI" */ = {
			isa = XCConfigurationList;
			buildConfigurations = (
				86ECC884251583AC000757D1 /* Debug */,
				86ECC885251583AC000757D1 /* Release */,
			);
			defaultConfigurationIsVisible = 0;
			defaultConfigurationName = Release;
		};
/* End XCConfigurationList section */

/* Begin XCVersionGroup section */
		86ECC873251583A0000757D1 /* GoodEatsSwiftUI.xcdatamodeld */ = {
			isa = XCVersionGroup;
			children = (
				86ECC874251583A0000757D1 /* GoodEatsSwiftUI.xcdatamodel */,
			);
			currentVersion = 86ECC874251583A0000757D1 /* GoodEatsSwiftUI.xcdatamodel */;
			path = GoodEatsSwiftUI.xcdatamodeld;
			sourceTree = "<group>";
			versionGroupType = wrapper.xcdatamodel;
		};
/* End XCVersionGroup section */
	};
	rootObject = 86ECC8642515839F000757D1 /* Project object */;
}
